
Microsoft Visual Studio Solution File, Format Version 12.00
# Visual Studio Version 17
VisualStudioVersion = 17.2.32616.157
MinimumVisualStudioVersion = 10.0.40219.1
Project("{9A19103F-16F7-4668-BE54-9A1E7A4F7556}") = "CheckoutKata", "CheckoutKata\CheckoutKata.csproj", "{20997963-DC97-4C1B-AB14-721F3A1B4714}"
EndProject
Project("{9A19103F-16F7-4668-BE54-9A1E7A4F7556}") = "CheckoutKata.Tests", "CheckoutKata.Tests\CheckoutKata.Tests.csproj", "{1D464085-7E02-4801-9F39-A825EBC13E21}"
EndProject
Global
	GlobalSection(SolutionConfigurationPlatforms) = preSolution
		Debug|Any CPU = Debug|Any CPU
		Release|Any CPU = Release|Any CPU
	EndGlobalSection
	GlobalSection(ProjectConfigurationPlatforms) = postSolution
		{20997963-DC97-4C1B-AB14-721F3A1B4714}.Debug|Any CPU.ActiveCfg = Debug|Any CPU
		{20997963-DC97-4C1B-AB14-721F3A1B4714}.Debug|Any CPU.Build.0 = Debug|Any CPU
		{20997963-DC97-4C1B-AB14-721F3A1B4714}.Release|Any CPU.ActiveCfg = Release|Any CPU
		{20997963-DC97-4C1B-AB14-721F3A1B4714}.Release|Any CPU.Build.0 = Release|Any CPU
		{1D464085-7E02-4801-9F39-A825EBC13E21}.Debug|Any CPU.ActiveCfg = Debug|Any CPU
		{1D464085-7E02-4801-9F39-A825EBC13E21}.Debug|Any CPU.Build.0 = Debug|Any CPU
		{1D464085-7E02-4801-9F39-A825EBC13E21}.Release|Any CPU.ActiveCfg = Release|Any CPU
		{1D464085-7E02-4801-9F39-A825EBC13E21}.Release|Any CPU.Build.0 = Release|Any CPU
	EndGlobalSection
	GlobalSection(SolutionProperties) = preSolution
		HideSolutionNode = FALSE
	EndGlobalSection
	GlobalSection(ExtensibilityGlobals) = postSolution
		SolutionGuid = {764A4466-481B-4498-AD9A-361D6500AC22}
	EndGlobalSection
EndGlobal
